// !$*UTF8*$!
{
	archiveVersion = 1;
	classes = {
	};
	objectVersion = 48;
	objects = {

/* Begin PBXBuildFile section */
		216063D520B1E50E00088875 /* sshlogin.sh in Resources */ = {isa = PBXBuildFile; fileRef = 216063D420B1E50B00088875 /* sshlogin.sh */; };
		216063D720B1E52100088875 /* node.txt in Resources */ = {isa = PBXBuildFile; fileRef = 216063D620B1E52100088875 /* node.txt */; };
		216063D920B1E6F000088875 /* node1.txt in Resources */ = {isa = PBXBuildFile; fileRef = 216063D820B1E6EF00088875 /* node1.txt */; };
		216063DD20B1E74200088875 /* sshlogin.sh in Resources */ = {isa = PBXBuildFile; fileRef = 216063DB20B1E74100088875 /* sshlogin.sh */; };
		21EE472B20A3337100C76230 /* AppDelegate.swift in Sources */ = {isa = PBXBuildFile; fileRef = 21EE472A20A3337100C76230 /* AppDelegate.swift */; };
		21EE472D20A3337100C76230 /* ViewController.swift in Sources */ = {isa = PBXBuildFile; fileRef = 21EE472C20A3337100C76230 /* ViewController.swift */; };
		21EE473020A3337100C76230 /* Main.storyboard in Resources */ = {isa = PBXBuildFile; fileRef = 21EE472E20A3337100C76230 /* Main.storyboard */; };
		21EE473320A3337100C76230 /* Coredata_test1.xcdatamodeld in Sources */ = {isa = PBXBuildFile; fileRef = 21EE473120A3337100C76230 /* Coredata_test1.xcdatamodeld */; };
		21EE473520A3337100C76230 /* Assets.xcassets in Resources */ = {isa = PBXBuildFile; fileRef = 21EE473420A3337100C76230 /* Assets.xcassets */; };
		21EE473820A3337100C76230 /* LaunchScreen.storyboard in Resources */ = {isa = PBXBuildFile; fileRef = 21EE473620A3337100C76230 /* LaunchScreen.storyboard */; };
		21EE474320A3337300C76230 /* Coredata_test1Tests.swift in Sources */ = {isa = PBXBuildFile; fileRef = 21EE474220A3337300C76230 /* Coredata_test1Tests.swift */; };
		21EE474E20A3337300C76230 /* Coredata_test1UITests.swift in Sources */ = {isa = PBXBuildFile; fileRef = 21EE474D20A3337300C76230 /* Coredata_test1UITests.swift */; };
/* End PBXBuildFile section */

/* Begin PBXContainerItemProxy section */
		21EE473F20A3337200C76230 /* PBXContainerItemProxy */ = {
			isa = PBXContainerItemProxy;
			containerPortal = 21EE471F20A3337000C76230 /* Project object */;
			proxyType = 1;
			remoteGlobalIDString = 21EE472620A3337100C76230;
			remoteInfo = Coredata_test1;
		};
		21EE474A20A3337300C76230 /* PBXContainerItemProxy */ = {
			isa = PBXContainerItemProxy;
			containerPortal = 21EE471F20A3337000C76230 /* Project object */;
			proxyType = 1;
			remoteGlobalIDString = 21EE472620A3337100C76230;
			remoteInfo = Coredata_test1;
		};
/* End PBXContainerItemProxy section */

/* Begin PBXFileReference section */
		216063D420B1E50B00088875 /* sshlogin.sh */ = {isa = PBXFileReference; fileEncoding = 4; lastKnownFileType = text.script.sh; name = sshlogin.sh; path = ../sshlogin.sh; sourceTree = "<group>"; };
		216063D620B1E52100088875 /* node.txt */ = {isa = PBXFileReference; fileEncoding = 4; lastKnownFileType = text; name = node.txt; path = ../node.txt; sourceTree = "<group>"; };
		216063D820B1E6EF00088875 /* node1.txt */ = {isa = PBXFileReference; fileEncoding = 4; lastKnownFileType = text; name = node1.txt; path = ../node1.txt; sourceTree = "<group>"; };
		216063DA20B1E74100088875 /* node1.txt */ = {isa = PBXFileReference; lastKnownFileType = text; path = node1.txt; sourceTree = "<group>"; };
		216063DB20B1E74100088875 /* sshlogin.sh */ = {isa = PBXFileReference; lastKnownFileType = text.script.sh; path = sshlogin.sh; sourceTree = "<group>"; };
		216063DC20B1E74200088875 /* node.txt */ = {isa = PBXFileReference; lastKnownFileType = text; path = node.txt; sourceTree = "<group>"; };
		21EE472720A3337100C76230 /* Coredata_test1.app */ = {isa = PBXFileReference; explicitFileType = wrapper.application; includeInIndex = 0; path = Coredata_test1.app; sourceTree = BUILT_PRODUCTS_DIR; };
		21EE472A20A3337100C76230 /* AppDelegate.swift */ = {isa = PBXFileReference; lastKnownFileType = sourcecode.swift; path = AppDelegate.swift; sourceTree = "<group>"; };
		21EE472C20A3337100C76230 /* ViewController.swift */ = {isa = PBXFileReference; lastKnownFileType = sourcecode.swift; path = ViewController.swift; sourceTree = "<group>"; wrapsLines = 0; };
		21EE472F20A3337100C76230 /* Base */ = {isa = PBXFileReference; lastKnownFileType = file.storyboard; name = Base; path = Base.lproj/Main.storyboard; sourceTree = "<group>"; };
		21EE473220A3337100C76230 /* Coredata_test1.xcdatamodel */ = {isa = PBXFileReference; lastKnownFileType = wrapper.xcdatamodel; path = Coredata_test1.xcdatamodel; sourceTree = "<group>"; };
		21EE473420A3337100C76230 /* Assets.xcassets */ = {isa = PBXFileReference; lastKnownFileType = folder.assetcatalog; path = Assets.xcassets; sourceTree = "<group>"; };
		21EE473720A3337100C76230 /* Base */ = {isa = PBXFileReference; lastKnownFileType = file.storyboard; name = Base; path = Base.lproj/LaunchScreen.storyboard; sourceTree = "<group>"; };
		21EE473920A3337100C76230 /* Info.plist */ = {isa = PBXFileReference; lastKnownFileType = text.plist.xml; path = Info.plist; sourceTree = "<group>"; };
		21EE473E20A3337200C76230 /* Coredata_test1Tests.xctest */ = {isa = PBXFileReference; explicitFileType = wrapper.cfbundle; includeInIndex = 0; path = Coredata_test1Tests.xctest; sourceTree = BUILT_PRODUCTS_DIR; };
		21EE474220A3337300C76230 /* Coredata_test1Tests.swift */ = {isa = PBXFileReference; lastKnownFileType = sourcecode.swift; path = Coredata_test1Tests.swift; sourceTree = "<group>"; };
		21EE474420A3337300C76230 /* Info.plist */ = {isa = PBXFileReference; lastKnownFileType = text.plist.xml; path = Info.plist; sourceTree = "<group>"; };
		21EE474920A3337300C76230 /* Coredata_test1UITests.xctest */ = {isa = PBXFileReference; explicitFileType = wrapper.cfbundle; includeInIndex = 0; path = Coredata_test1UITests.xctest; sourceTree = BUILT_PRODUCTS_DIR; };
		21EE474D20A3337300C76230 /* Coredata_test1UITests.swift */ = {isa = PBXFileReference; lastKnownFileType = sourcecode.swift; path = Coredata_test1UITests.swift; sourceTree = "<group>"; };
		21EE474F20A3337300C76230 /* Info.plist */ = {isa = PBXFileReference; lastKnownFileType = text.plist.xml; path = Info.plist; sourceTree = "<group>"; };
/* End PBXFileReference section */

/* Begin PBXFrameworksBuildPhase section */
		21EE472420A3337100C76230 /* Frameworks */ = {
			isa = PBXFrameworksBuildPhase;
			buildActionMask = 2147483647;
			files = (
			);
			runOnlyForDeploymentPostprocessing = 0;
		};
		21EE473B20A3337200C76230 /* Frameworks */ = {
			isa = PBXFrameworksBuildPhase;
			buildActionMask = 2147483647;
			files = (
			);
			runOnlyForDeploymentPostprocessing = 0;
		};
		21EE474620A3337300C76230 /* Frameworks */ = {
			isa = PBXFrameworksBuildPhase;
			buildActionMask = 2147483647;
			files = (
			);
			runOnlyForDeploymentPostprocessing = 0;
		};
/* End PBXFrameworksBuildPhase section */

/* Begin PBXGroup section */
		21EE471E20A3337000C76230 = {
			isa = PBXGroup;
			children = (
				216063D620B1E52100088875 /* node.txt */,
				216063D820B1E6EF00088875 /* node1.txt */,
				216063D420B1E50B00088875 /* sshlogin.sh */,
				21EE472920A3337100C76230 /* Coredata_test1 */,
				21EE474120A3337200C76230 /* Coredata_test1Tests */,
				21EE474C20A3337300C76230 /* Coredata_test1UITests */,
				21EE472820A3337100C76230 /* Products */,
			);
			sourceTree = "<group>";
		};
		21EE472820A3337100C76230 /* Products */ = {
			isa = PBXGroup;
			children = (
				21EE472720A3337100C76230 /* Coredata_test1.app */,
				21EE473E20A3337200C76230 /* Coredata_test1Tests.xctest */,
				21EE474920A3337300C76230 /* Coredata_test1UITests.xctest */,
			);
			name = Products;
			sourceTree = "<group>";
		};
		21EE472920A3337100C76230 /* Coredata_test1 */ = {
			isa = PBXGroup;
			children = (
				216063DC20B1E74200088875 /* node.txt */,
				216063DA20B1E74100088875 /* node1.txt */,
				216063DB20B1E74100088875 /* sshlogin.sh */,
				21EE472A20A3337100C76230 /* AppDelegate.swift */,
				21EE472C20A3337100C76230 /* ViewController.swift */,
				21EE472E20A3337100C76230 /* Main.storyboard */,
				21EE473420A3337100C76230 /* Assets.xcassets */,
				21EE473620A3337100C76230 /* LaunchScreen.storyboard */,
				21EE473920A3337100C76230 /* Info.plist */,
				21EE473120A3337100C76230 /* Coredata_test1.xcdatamodeld */,
			);
			path = Coredata_test1;
			sourceTree = "<group>";
		};
		21EE474120A3337200C76230 /* Coredata_test1Tests */ = {
			isa = PBXGroup;
			children = (
				21EE474220A3337300C76230 /* Coredata_test1Tests.swift */,
				21EE474420A3337300C76230 /* Info.plist */,
			);
			path = Coredata_test1Tests;
			sourceTree = "<group>";
		};
		21EE474C20A3337300C76230 /* Coredata_test1UITests */ = {
			isa = PBXGroup;
			children = (
				21EE474D20A3337300C76230 /* Coredata_test1UITests.swift */,
				21EE474F20A3337300C76230 /* Info.plist */,
			);
			path = Coredata_test1UITests;
			sourceTree = "<group>";
		};
/* End PBXGroup section */

/* Begin PBXNativeTarget section */
		21EE472620A3337100C76230 /* Coredata_test1 */ = {
			isa = PBXNativeTarget;
			buildConfigurationList = 21EE475220A3337300C76230 /* Build configuration list for PBXNativeTarget "Coredata_test1" */;
			buildPhases = (
				21EE472320A3337100C76230 /* Sources */,
				21EE472420A3337100C76230 /* Frameworks */,
				21EE472520A3337100C76230 /* Resources */,
			);
			buildRules = (
			);
			dependencies = (
			);
			name = Coredata_test1;
			productName = Coredata_test1;
			productReference = 21EE472720A3337100C76230 /* Coredata_test1.app */;
			productType = "com.apple.product-type.application";
		};
		21EE473D20A3337200C76230 /* Coredata_test1Tests */ = {
			isa = PBXNativeTarget;
			buildConfigurationList = 21EE475520A3337300C76230 /* Build configuration list for PBXNativeTarget "Coredata_test1Tests" */;
			buildPhases = (
				21EE473A20A3337200C76230 /* Sources */,
				21EE473B20A3337200C76230 /* Frameworks */,
				21EE473C20A3337200C76230 /* Resources */,
			);
			buildRules = (
			);
			dependencies = (
				21EE474020A3337200C76230 /* PBXTargetDependency */,
			);
			name = Coredata_test1Tests;
			productName = Coredata_test1Tests;
			productReference = 21EE473E20A3337200C76230 /* Coredata_test1Tests.xctest */;
			productType = "com.apple.product-type.bundle.unit-test";
		};
		21EE474820A3337300C76230 /* Coredata_test1UITests */ = {
			isa = PBXNativeTarget;
			buildConfigurationList = 21EE475820A3337300C76230 /* Build configuration list for PBXNativeTarget "Coredata_test1UITests" */;
			buildPhases = (
				21EE474520A3337300C76230 /* Sources */,
				21EE474620A3337300C76230 /* Frameworks */,
				21EE474720A3337300C76230 /* Resources */,
			);
			buildRules = (
			);
			dependencies = (
				21EE474B20A3337300C76230 /* PBXTargetDependency */,
			);
			name = Coredata_test1UITests;
			productName = Coredata_test1UITests;
			productReference = 21EE474920A3337300C76230 /* Coredata_test1UITests.xctest */;
			productType = "com.apple.product-type.bundle.ui-testing";
		};
/* End PBXNativeTarget section */

/* Begin PBXProject section */
		21EE471F20A3337000C76230 /* Project object */ = {
			isa = PBXProject;
			attributes = {
				LastSwiftUpdateCheck = 0920;
				LastUpgradeCheck = 0920;
				ORGANIZATIONNAME = nakoman;
				TargetAttributes = {
					21EE472620A3337100C76230 = {
						CreatedOnToolsVersion = 9.2;
						ProvisioningStyle = Automatic;
					};
					21EE473D20A3337200C76230 = {
						CreatedOnToolsVersion = 9.2;
						ProvisioningStyle = Automatic;
						TestTargetID = 21EE472620A3337100C76230;
					};
					21EE474820A3337300C76230 = {
						CreatedOnToolsVersion = 9.2;
						ProvisioningStyle = Automatic;
						TestTargetID = 21EE472620A3337100C76230;
					};
				};
			};
			buildConfigurationList = 21EE472220A3337000C76230 /* Build configuration list for PBXProject "Coredata_test1" */;
			compatibilityVersion = "Xcode 8.0";
			developmentRegion = en;
			hasScannedForEncodings = 0;
			knownRegions = (
				en,
				Base,
			);
			mainGroup = 21EE471E20A3337000C76230;
			productRefGroup = 21EE472820A3337100C76230 /* Products */;
			projectDirPath = "";
			projectRoot = "";
			targets = (
				21EE472620A3337100C76230 /* Coredata_test1 */,
				21EE473D20A3337200C76230 /* Coredata_test1Tests */,
				21EE474820A3337300C76230 /* Coredata_test1UITests */,
			);
		};
/* End PBXProject section */

/* Begin PBXResourcesBuildPhase section */
		21EE472520A3337100C76230 /* Resources */ = {
			isa = PBXResourcesBuildPhase;
			buildActionMask = 2147483647;
			files = (
				216063D920B1E6F000088875 /* node1.txt in Resources */,
				21EE473820A3337100C76230 /* LaunchScreen.storyboard in Resources */,
				216063DD20B1E74200088875 /* sshlogin.sh in Resources */,
				21EE473520A3337100C76230 /* Assets.xcassets in Resources */,
				21EE473020A3337100C76230 /* Main.storyboard in Resources */,
				216063D520B1E50E00088875 /* sshlogin.sh in Resources */,
				216063D720B1E52100088875 /* node.txt in Resources */,
			);
			runOnlyForDeploymentPostprocessing = 0;
		};
		21EE473C20A3337200C76230 /* Resources */ = {
			isa = PBXResourcesBuildPhase;
			buildActionMask = 2147483647;
			files = (
			);
			runOnlyForDeploymentPostprocessing = 0;
		};
		21EE474720A3337300C76230 /* Resources */ = {
			isa = PBXResourcesBuildPhase;
			buildActionMask = 2147483647;
			files = (
			);
			runOnlyForDeploymentPostprocessing = 0;
		};
/* End PBXResourcesBuildPhase section */

/* Begin PBXSourcesBuildPhase section */
		21EE472320A3337100C76230 /* Sources */ = {
			isa = PBXSourcesBuildPhase;
			buildActionMask = 2147483647;
			files = (
				21EE472D20A3337100C76230 /* ViewController.swift in Sources */,
				21EE472B20A3337100C76230 /* AppDelegate.swift in Sources */,
				21EE473320A3337100C76230 /* Coredata_test1.xcdatamodeld in Sources */,
			);
			runOnlyForDeploymentPostprocessing = 0;
		};
		21EE473A20A3337200C76230 /* Sources */ = {
			isa = PBXSourcesBuildPhase;
			buildActionMask = 2147483647;
			files = (
				21EE474320A3337300C76230 /* Coredata_test1Tests.swift in Sources */,
			);
			runOnlyForDeploymentPostprocessing = 0;
		};
		21EE474520A3337300C76230 /* Sources */ = {
			isa = PBXSourcesBuildPhase;
			buildActionMask = 2147483647;
			files = (
				21EE474E20A3337300C76230 /* Coredata_test1UITests.swift in Sources */,
			);
			runOnlyForDeploymentPostprocessing = 0;
		};
/* End PBXSourcesBuildPhase section */

/* Begin PBXTargetDependency section */
		21EE474020A3337200C76230 /* PBXTargetDependency */ = {
			isa = PBXTargetDependency;
			target = 21EE472620A3337100C76230 /* Coredata_test1 */;
			targetProxy = 21EE473F20A3337200C76230 /* PBXContainerItemProxy */;
		};
		21EE474B20A3337300C76230 /* PBXTargetDependency */ = {
			isa = PBXTargetDependency;
			target = 21EE472620A3337100C76230 /* Coredata_test1 */;
			targetProxy = 21EE474A20A3337300C76230 /* PBXContainerItemProxy */;
		};
/* End PBXTargetDependency section */

/* Begin PBXVariantGroup section */
		21EE472E20A3337100C76230 /* Main.storyboard */ = {
			isa = PBXVariantGroup;
			children = (
				21EE472F20A3337100C76230 /* Base */,
			);
			name = Main.storyboard;
			sourceTree = "<group>";
		};
		21EE473620A3337100C76230 /* LaunchScreen.storyboard */ = {
			isa = PBXVariantGroup;
			children = (
				21EE473720A3337100C76230 /* Base */,
			);
			name = LaunchScreen.storyboard;
			sourceTree = "<group>";
		};
/* End PBXVariantGroup section */

/* Begin XCBuildConfiguration section */
		21EE475020A3337300C76230 /* Debug */ = {
			isa = XCBuildConfiguration;
			buildSettings = {
				ALWAYS_SEARCH_USER_PATHS = NO;
				CLANG_ANALYZER_NONNULL = YES;
				CLANG_ANALYZER_NUMBER_OBJECT_CONVERSION = YES_AGGRESSIVE;
				CLANG_CXX_LANGUAGE_STANDARD = "gnu++14";
				CLANG_CXX_LIBRARY = "libc++";
				CLANG_ENABLE_MODULES = YES;
				CLANG_ENABLE_OBJC_ARC = YES;
				CLANG_WARN_BLOCK_CAPTURE_AUTORELEASING = YES;
				CLANG_WARN_BOOL_CONVERSION = YES;
				CLANG_WARN_COMMA = YES;
				CLANG_WARN_CONSTANT_CONVERSION = YES;
				CLANG_WARN_DIRECT_OBJC_ISA_USAGE = YES_ERROR;
				CLANG_WARN_DOCUMENTATION_COMMENTS = YES;
				CLANG_WARN_EMPTY_BODY = YES;
				CLANG_WARN_ENUM_CONVERSION = YES;
				CLANG_WARN_INFINITE_RECURSION = YES;
				CLANG_WARN_INT_CONVERSION = YES;
				CLANG_WARN_NON_LITERAL_NULL_CONVERSION = YES;
				CLANG_WARN_OBJC_LITERAL_CONVERSION = YES;
				CLANG_WARN_OBJC_ROOT_CLASS = YES_ERROR;
				CLANG_WARN_RANGE_LOOP_ANALYSIS = YES;
				CLANG_WARN_STRICT_PROTOTYPES = YES;
				CLANG_WARN_SUSPICIOUS_MOVE = YES;
				CLANG_WARN_UNGUARDED_AVAILABILITY = YES_AGGRESSIVE;
				CLANG_WARN_UNREACHABLE_CODE = YES;
				CLANG_WARN__DUPLICATE_METHOD_MATCH = YES;
				CODE_SIGN_IDENTITY = "iPhone Developer";
				COPY_PHASE_STRIP = NO;
				DEBUG_INFORMATION_FORMAT = dwarf;
				ENABLE_STRICT_OBJC_MSGSEND = YES;
				ENABLE_TESTABILITY = YES;
				GCC_C_LANGUAGE_STANDARD = gnu11;
				GCC_DYNAMIC_NO_PIC = NO;
				GCC_NO_COMMON_BLOCKS = YES;
				GCC_OPTIMIZATION_LEVEL = 0;
				GCC_PREPROCESSOR_DEFINITIONS = (
					"DEBUG=1",
					"$(inherited)",
				);
				GCC_WARN_64_TO_32_BIT_CONVERSION = YES;
				GCC_WARN_ABOUT_RETURN_TYPE = YES_ERROR;
				GCC_WARN_UNDECLARED_SELECTOR = YES;
				GCC_WARN_UNINITIALIZED_AUTOS = YES_AGGRESSIVE;
				GCC_WARN_UNUSED_FUNCTION = YES;
				GCC_WARN_UNUSED_VARIABLE = YES;
				IPHONEOS_DEPLOYMENT_TARGET = 11.2;
				MTL_ENABLE_DEBUG_INFO = YES;
				ONLY_ACTIVE_ARCH = YES;
				SDKROOT = iphoneos;
				SWIFT_ACTIVE_COMPILATION_CONDITIONS = DEBUG;
				SWIFT_OPTIMIZATION_LEVEL = "-Onone";
			};
			name = Debug;
		};
		21EE475120A3337300C76230 /* Release */ = {
			isa = XCBuildConfiguration;
			buildSettings = {
				ALWAYS_SEARCH_USER_PATHS = NO;
				CLANG_ANALYZER_NONNULL = YES;
				CLANG_ANALYZER_NUMBER_OBJECT_CONVERSION = YES_AGGRESSIVE;
				CLANG_CXX_LANGUAGE_STANDARD = "gnu++14";
				CLANG_CXX_LIBRARY = "libc++";
				CLANG_ENABLE_MODULES = YES;
				CLANG_ENABLE_OBJC_ARC = YES;
				CLANG_WARN_BLOCK_CAPTURE_AUTORELEASING = YES;
				CLANG_WARN_BOOL_CONVERSION = YES;
				CLANG_WARN_COMMA = YES;
				CLANG_WARN_CONSTANT_CONVERSION = YES;
				CLANG_WARN_DIRECT_OBJC_ISA_USAGE = YES_ERROR;
				CLANG_WARN_DOCUMENTATION_COMMENTS = YES;
				CLANG_WARN_EMPTY_BODY = YES;
				CLANG_WARN_ENUM_CONVERSION = YES;
				CLANG_WARN_INFINITE_RECURSION = YES;
				CLANG_WARN_INT_CONVERSION = YES;
				CLANG_WARN_NON_LITERAL_NULL_CONVERSION = YES;
				CLANG_WARN_OBJC_LITERAL_CONVERSION = YES;
				CLANG_WARN_OBJC_ROOT_CLASS = YES_ERROR;
				CLANG_WARN_RANGE_LOOP_ANALYSIS = YES;
				CLANG_WARN_STRICT_PROTOTYPES = YES;
				CLANG_WARN_SUSPICIOUS_MOVE = YES;
				CLANG_WARN_UNGUARDED_AVAILABILITY = YES_AGGRESSIVE;
				CLANG_WARN_UNREACHABLE_CODE = YES;
				CLANG_WARN__DUPLICATE_METHOD_MATCH = YES;
				CODE_SIGN_IDENTITY = "iPhone Developer";
				COPY_PHASE_STRIP = NO;
				DEBUG_INFORMATION_FORMAT = "dwarf-with-dsym";
				ENABLE_NS_ASSERTIONS = NO;
				ENABLE_STRICT_OBJC_MSGSEND = YES;
				GCC_C_LANGUAGE_STANDARD = gnu11;
				GCC_NO_COMMON_BLOCKS = YES;
				GCC_WARN_64_TO_32_BIT_CONVERSION = YES;
				GCC_WARN_ABOUT_RETURN_TYPE = YES_ERROR;
				GCC_WARN_UNDECLARED_SELECTOR = YES;
				GCC_WARN_UNINITIALIZED_AUTOS = YES_AGGRESSIVE;
				GCC_WARN_UNUSED_FUNCTION = YES;
				GCC_WARN_UNUSED_VARIABLE = YES;
				IPHONEOS_DEPLOYMENT_TARGET = 11.2;
				MTL_ENABLE_DEBUG_INFO = NO;
				SDKROOT = iphoneos;
				SWIFT_OPTIMIZATION_LEVEL = "-Owholemodule";
				VALIDATE_PRODUCT = YES;
			};
			name = Release;
		};
		21EE475320A3337300C76230 /* Debug */ = {
			isa = XCBuildConfiguration;
			buildSettings = {
				ASSETCATALOG_COMPILER_APPICON_NAME = AppIcon;
				CODE_SIGN_STYLE = Automatic;
				DEVELOPMENT_TEAM = Q5JJKJAKQT;
				INFOPLIST_FILE = Coredata_test1/Info.plist;
				LD_RUNPATH_SEARCH_PATHS = "$(inherited) @executable_path/Frameworks";
				PRODUCT_BUNDLE_IDENTIFIER = "com.nakoman.Coredata-test1";
				PRODUCT_NAME = "$(TARGET_NAME)";
				SWIFT_VERSION = 4.0;
				TARGETED_DEVICE_FAMILY = "1,2";
			};
			name = Debug;
		};
		21EE475420A3337300C76230 /* Release */ = {
			isa = XCBuildConfiguration;
			buildSettings = {
				ASSETCATALOG_COMPILER_APPICON_NAME = AppIcon;
				CODE_SIGN_STYLE = Automatic;
				DEVELOPMENT_TEAM = Q5JJKJAKQT;
				INFOPLIST_FILE = Coredata_test1/Info.plist;
				LD_RUNPATH_SEARCH_PATHS = "$(inherited) @executable_path/Frameworks";
				PRODUCT_BUNDLE_IDENTIFIER = "com.nakoman.Coredata-test1";
				PRODUCT_NAME = "$(TARGET_NAME)";
				SWIFT_VERSION = 4.0;
				TARGETED_DEVICE_FAMILY = "1,2";
			};
			name = Release;
		};
		21EE475620A3337300C76230 /* Debug */ = {
			isa = XCBuildConfiguration;
			buildSettings = {
				ALWAYS_EMBED_SWIFT_STANDARD_LIBRARIES = YES;
				BUNDLE_LOADER = "$(TEST_HOST)";
				CODE_SIGN_STYLE = Automatic;
				DEVELOPMENT_TEAM = Q5JJKJAKQT;
				INFOPLIST_FILE = Coredata_test1Tests/Info.plist;
				LD_RUNPATH_SEARCH_PATHS = "$(inherited) @executable_path/Frameworks @loader_path/Frameworks";
				PRODUCT_BUNDLE_IDENTIFIER = "com.nakoman.Coredata-test1Tests";
				PRODUCT_NAME = "$(TARGET_NAME)";
				SWIFT_VERSION = 4.0;
				TARGETED_DEVICE_FAMILY = "1,2";
				TEST_HOST = "$(BUILT_PRODUCTS_DIR)/Coredata_test1.app/Coredata_test1";
			};
			name = Debug;
		};
		21EE475720A3337300C76230 /* Release */ = {
			isa = XCBuildConfiguration;
			buildSettings = {
				ALWAYS_EMBED_SWIFT_STANDARD_LIBRARIES = YES;
				BUNDLE_LOADER = "$(TEST_HOST)";
				CODE_SIGN_STYLE = Automatic;
				DEVELOPMENT_TEAM = Q5JJKJAKQT;
				INFOPLIST_FILE = Coredata_test1Tests/Info.plist;
				LD_RUNPATH_SEARCH_PATHS = "$(inherited) @executable_path/Frameworks @loader_path/Frameworks";
				PRODUCT_BUNDLE_IDENTIFIER = "com.nakoman.Coredata-test1Tests";
				PRODUCT_NAME = "$(TARGET_NAME)";
				SWIFT_VERSION = 4.0;
				TARGETED_DEVICE_FAMILY = "1,2";
				TEST_HOST = "$(BUILT_PRODUCTS_DIR)/Coredata_test1.app/Coredata_test1";
			};
			name = Release;
		};
		21EE475920A3337300C76230 /* Debug */ = {
			isa = XCBuildConfiguration;
			buildSettings = {
				ALWAYS_EMBED_SWIFT_STANDARD_LIBRARIES = YES;
				CODE_SIGN_STYLE = Automatic;
				DEVELOPMENT_TEAM = Q5JJKJAKQT;
				INFOPLIST_FILE = Coredata_test1UITests/Info.plist;
				LD_RUNPATH_SEARCH_PATHS = "$(inherited) @executable_path/Frameworks @loader_path/Frameworks";
				PRODUCT_BUNDLE_IDENTIFIER = "com.nakoman.Coredata-test1UITests";
				PRODUCT_NAME = "$(TARGET_NAME)";
				SWIFT_VERSION = 4.0;
				TARGETED_DEVICE_FAMILY = "1,2";
				TEST_TARGET_NAME = Coredata_test1;
			};
			name = Debug;
		};
		21EE475A20A3337300C76230 /* Release */ = {
			isa = XCBuildConfiguration;
			buildSettings = {
				ALWAYS_EMBED_SWIFT_STANDARD_LIBRARIES = YES;
				CODE_SIGN_STYLE = Automatic;
				DEVELOPMENT_TEAM = Q5JJKJAKQT;
				INFOPLIST_FILE = Coredata_test1UITests/Info.plist;
				LD_RUNPATH_SEARCH_PATHS = "$(inherited) @executable_path/Frameworks @loader_path/Frameworks";
				PRODUCT_BUNDLE_IDENTIFIER = "com.nakoman.Coredata-test1UITests";
				PRODUCT_NAME = "$(TARGET_NAME)";
				SWIFT_VERSION = 4.0;
				TARGETED_DEVICE_FAMILY = "1,2";
				TEST_TARGET_NAME = Coredata_test1;
			};
			name = Release;
		};
/* End XCBuildConfiguration section */

/* Begin XCConfigurationList section */
		21EE472220A3337000C76230 /* Build configuration list for PBXProject "Coredata_test1" */ = {
			isa = XCConfigurationList;
			buildConfigurations = (
				21EE475020A3337300C76230 /* Debug */,
				21EE475120A3337300C76230 /* Release */,
			);
			defaultConfigurationIsVisible = 0;
			defaultConfigurationName = Release;
		};
		21EE475220A3337300C76230 /* Build configuration list for PBXNativeTarget "Coredata_test1" */ = {
			isa = XCConfigurationList;
			buildConfigurations = (
				21EE475320A3337300C76230 /* Debug */,
				21EE475420A3337300C76230 /* Release */,
			);
			defaultConfigurationIsVisible = 0;
			defaultConfigurationName = Release;
		};
		21EE475520A3337300C76230 /* Build configuration list for PBXNativeTarget "Coredata_test1Tests" */ = {
			isa = XCConfigurationList;
			buildConfigurations = (
				21EE475620A3337300C76230 /* Debug */,
				21EE475720A3337300C76230 /* Release */,
			);
			defaultConfigurationIsVisible = 0;
			defaultConfigurationName = Release;
		};
		21EE475820A3337300C76230 /* Build configuration list for PBXNativeTarget "Coredata_test1UITests" */ = {
			isa = XCConfigurationList;
			buildConfigurations = (
				21EE475920A3337300C76230 /* Debug */,
				21EE475A20A3337300C76230 /* Release */,
			);
			defaultConfigurationIsVisible = 0;
			defaultConfigurationName = Release;
		};
/* End XCConfigurationList section */

/* Begin XCVersionGroup section */
		21EE473120A3337100C76230 /* Coredata_test1.xcdatamodeld */ = {
			isa = XCVersionGroup;
			children = (
				21EE473220A3337100C76230 /* Coredata_test1.xcdatamodel */,
			);
			currentVersion = 21EE473220A3337100C76230 /* Coredata_test1.xcdatamodel */;
			path = Coredata_test1.xcdatamodeld;
			sourceTree = "<group>";
			versionGroupType = wrapper.xcdatamodel;
		};
/* End XCVersionGroup section */
	};
	rootObject = 21EE471F20A3337000C76230 /* Project object */;
}
